# This file is automatically @generated by Cargo.
# It is not intended for manual editing.
version = 3

[[package]]
name = "cli"
version = "0.1.0"
dependencies = [
 "dns",
 "parsing",
 "utility",
]

[[package]]
name = "dns"
version = "0.1.0"
dependencies = [
 "utility",
]

[[package]]
name = "parsing"
version = "0.1.0"
dependencies = [
 "dns",
]

[[package]]
name = "utility"
version = "0.1.0"
