# This file is automatically @generated by Cargo.
# It is not intended for manual editing.
version = 4

[[package]]
name = "askrs"
version = "0.1.0"
dependencies = [
 "byters",
]

[[package]]
name = "byters"
version = "0.1.0"
source = "registry+https://github.com/rust-lang/crates.io-index"
checksum = "a5b5c29819e6257bdbfe1037776d3a288f1b878cef43b2ffd9f948f705732f6d"
