# This file is automatically @generated by Cargo.
# It is not intended for manual editing.
version = 4

[[package]]
name = "askrs"
version = "0.1.0"
dependencies = [
 "byters",
]

[[package]]
name = "byters"
version = "0.2.1"
source = "registry+https://github.com/rust-lang/crates.io-index"
checksum = "1ffcff91f25c764984f33cf547699c64774e714143ea6d19164b0962040b9ada"
